
Microsoft Visual Studio Solution File, Format Version 12.00
Project("{2150E333-8FDC-42A3-9474-1A3956D46DE8}") = "packages", "packages", "{EA44E594-263D-42FC-B555-94BF485FFB82}"
EndProject
Project("{2150E333-8FDC-42A3-9474-1A3956D46DE8}") = "areas", "areas", "{C71BBFE2-8CDA-462C-A4EA-3931B943E307}"
EndProject
Project("{2150E333-8FDC-42A3-9474-1A3956D46DE8}") = "ForgeSampleOffers", "ForgeSampleOffers", "{FAAAA127-1A28-4E01-8322-809B94155CA8}"
EndProject
Project("{2150E333-8FDC-42A3-9474-1A3956D46DE8}") = "core", "core", "{FA30BDA0-8EED-4B0C-9620-77F609FAC10F}"
	ProjectSection(SolutionItems) = preProject
		areas\ForgeSampleOffers\src\Directory.Packages.props = areas\ForgeSampleOffers\src\Directory.Packages.props
	EndProjectSection
EndProject
Project("{FAE04EC0-301F-11D3-BF4B-00C04F79EFBC}") = "Forge.Core.Mediator", "packages\core\Forge.Core.Mediator\Forge.Core.Mediator.csproj", "{8E01BA92-0E88-4DB1-A7BA-77BBA462B046}"
EndProject
Project("{FAE04EC0-301F-11D3-BF4B-00C04F79EFBC}") = "Forge.Core.Logger", "packages\core\Forge.Core.Logger\Forge.Core.Logger.csproj", "{3564DA7E-DA26-4761-9D01-4D8F32AD67CD}"
EndProject
Project("{2150E333-8FDC-42A3-9474-1A3956D46DE8}") = "scripts", "scripts", "{68FAE391-06F6-43E3-A947-8B83A88268C4}"
EndProject
Project("{2150E333-8FDC-42A3-9474-1A3956D46DE8}") = "packages", "packages", "{823BAB7E-18AD-4732-89C1-4531129642B9}"
	ProjectSection(SolutionItems) = preProject
		scripts\packages\config.yaml = scripts\packages\config.yaml
		scripts\packages\README.md = scripts\packages\README.md
		scripts\packages\build.sh = scripts\packages\build.sh
	EndProjectSection
EndProject
Project("{2150E333-8FDC-42A3-9474-1A3956D46DE8}") = "areas", "areas", "{80A2AB18-9AF6-4BF5-BF43-D76141B6B3A5}"
EndProject
Project("{2150E333-8FDC-42A3-9474-1A3956D46DE8}") = "src", "src", "{864E9289-6114-4522-8202-C63827C6A39B}"
	ProjectSection(SolutionItems) = preProject
		areas\ForgeSampleOffers\src\Directory.Packages.props = areas\ForgeSampleOffers\src\Directory.Packages.props
	EndProjectSection
EndProject
Project("{2150E333-8FDC-42A3-9474-1A3956D46DE8}") = "tests", "tests", "{BD174506-BBE8-42D5-84B3-3442A6AACF79}"
	ProjectSection(SolutionItems) = preProject
		areas\ForgeSampleOffers\tests\Directory.Packages.props = areas\ForgeSampleOffers\tests\Directory.Packages.props
	EndProjectSection
EndProject
Project("{FAE04EC0-301F-11D3-BF4B-00C04F79EFBC}") = "ForgeSampleOffers.App", "areas\ForgeSampleOffers\src\ForgeSampleOffers.App\ForgeSampleOffers.App.csproj", "{179D32B4-1AD6-497A-949E-562DCF547A48}"
EndProject
Project("{FAE04EC0-301F-11D3-BF4B-00C04F79EFBC}") = "ForgeSampleOffers.Domain", "areas\ForgeSampleOffers\src\ForgeSampleOffers.Domain\ForgeSampleOffers.Domain.csproj", "{F42F95C2-9DBD-4F0C-B931-9074CDD21489}"
EndProject
Project("{FAE04EC0-301F-11D3-BF4B-00C04F79EFBC}") = "ForgeSampleOffers.WebApi", "areas\ForgeSampleOffers\src\ForgeSampleOffers.WebApi\ForgeSampleOffers.WebApi.csproj", "{65C01E9C-4AF0-42A5-B019-407380A02746}"
EndProject
Project("{FAE04EC0-301F-11D3-BF4B-00C04F79EFBC}") = "ForgeSampleOffers.IntegrationTests", "areas\ForgeSampleOffers\tests\ForgeSampleOffers.IntegrationTests\ForgeSampleOffers.IntegrationTests.csproj", "{E1AABEA0-F28A-4495-B690-E4CB772FA5D0}"
EndProject
Project("{FAE04EC0-301F-11D3-BF4B-00C04F79EFBC}") = "ForgeSampleOffers.Tests", "areas\ForgeSampleOffers\tests\ForgeSampleOffers.Tests\ForgeSampleOffers.Tests.csproj", "{FE3C77CA-E955-4DA0-80E4-D0D2A92BC753}"
EndProject
Project("{FAE04EC0-301F-11D3-BF4B-00C04F79EFBC}") = "Forge.Core.Mediator.Tests", "packages\core\Forge.Core.Mediator.Tests\Forge.Core.Mediator.Tests.csproj", "{7D344924-0779-46CB-A3FD-3EBB9D9F8F1D}"
EndProject
Project("{FAE04EC0-301F-11D3-BF4B-00C04F79EFBC}") = "Forge.Core.Logger.Tests", "packages\core\Forge.Core.Logger.Tests\Forge.Core.Logger.Tests.csproj", "{5B4DD46A-25E6-41B9-87C8-16F279459C26}"
EndProject
Global
	GlobalSection(SolutionConfigurationPlatforms) = preSolution
		Debug|Any CPU = Debug|Any CPU
		Release|Any CPU = Release|Any CPU
	EndGlobalSection
	GlobalSection(NestedProjects) = preSolution
		{FAAAA127-1A28-4E01-8322-809B94155CA8} = {C71BBFE2-8CDA-462C-A4EA-3931B943E307}
		{FA30BDA0-8EED-4B0C-9620-77F609FAC10F} = {EA44E594-263D-42FC-B555-94BF485FFB82}
		{8E01BA92-0E88-4DB1-A7BA-77BBA462B046} = {FA30BDA0-8EED-4B0C-9620-77F609FAC10F}
		{3564DA7E-DA26-4761-9D01-4D8F32AD67CD} = {FA30BDA0-8EED-4B0C-9620-77F609FAC10F}
		{823BAB7E-18AD-4732-89C1-4531129642B9} = {68FAE391-06F6-43E3-A947-8B83A88268C4}
		{80A2AB18-9AF6-4BF5-BF43-D76141B6B3A5} = {68FAE391-06F6-43E3-A947-8B83A88268C4}
		{864E9289-6114-4522-8202-C63827C6A39B} = {FAAAA127-1A28-4E01-8322-809B94155CA8}
		{BD174506-BBE8-42D5-84B3-3442A6AACF79} = {FAAAA127-1A28-4E01-8322-809B94155CA8}
		{179D32B4-1AD6-497A-949E-562DCF547A48} = {864E9289-6114-4522-8202-C63827C6A39B}
		{F42F95C2-9DBD-4F0C-B931-9074CDD21489} = {864E9289-6114-4522-8202-C63827C6A39B}
		{65C01E9C-4AF0-42A5-B019-407380A02746} = {864E9289-6114-4522-8202-C63827C6A39B}
		{E1AABEA0-F28A-4495-B690-E4CB772FA5D0} = {BD174506-BBE8-42D5-84B3-3442A6AACF79}
		{FE3C77CA-E955-4DA0-80E4-D0D2A92BC753} = {BD174506-BBE8-42D5-84B3-3442A6AACF79}
		{7D344924-0779-46CB-A3FD-3EBB9D9F8F1D} = {FA30BDA0-8EED-4B0C-9620-77F609FAC10F}
		{5B4DD46A-25E6-41B9-87C8-16F279459C26} = {FA30BDA0-8EED-4B0C-9620-77F609FAC10F}
	EndGlobalSection
	GlobalSection(ProjectConfigurationPlatforms) = postSolution
		{8E01BA92-0E88-4DB1-A7BA-77BBA462B046}.Debug|Any CPU.ActiveCfg = Debug|Any CPU
		{8E01BA92-0E88-4DB1-A7BA-77BBA462B046}.Debug|Any CPU.Build.0 = Debug|Any CPU
		{8E01BA92-0E88-4DB1-A7BA-77BBA462B046}.Release|Any CPU.ActiveCfg = Release|Any CPU
		{8E01BA92-0E88-4DB1-A7BA-77BBA462B046}.Release|Any CPU.Build.0 = Release|Any CPU
		{3564DA7E-DA26-4761-9D01-4D8F32AD67CD}.Debug|Any CPU.ActiveCfg = Debug|Any CPU
		{3564DA7E-DA26-4761-9D01-4D8F32AD67CD}.Debug|Any CPU.Build.0 = Debug|Any CPU
		{3564DA7E-DA26-4761-9D01-4D8F32AD67CD}.Release|Any CPU.ActiveCfg = Release|Any CPU
		{3564DA7E-DA26-4761-9D01-4D8F32AD67CD}.Release|Any CPU.Build.0 = Release|Any CPU
		{179D32B4-1AD6-497A-949E-562DCF547A48}.Debug|Any CPU.ActiveCfg = Debug|Any CPU
		{179D32B4-1AD6-497A-949E-562DCF547A48}.Debug|Any CPU.Build.0 = Debug|Any CPU
		{179D32B4-1AD6-497A-949E-562DCF547A48}.Release|Any CPU.ActiveCfg = Release|Any CPU
		{179D32B4-1AD6-497A-949E-562DCF547A48}.Release|Any CPU.Build.0 = Release|Any CPU
		{F42F95C2-9DBD-4F0C-B931-9074CDD21489}.Debug|Any CPU.ActiveCfg = Debug|Any CPU
		{F42F95C2-9DBD-4F0C-B931-9074CDD21489}.Debug|Any CPU.Build.0 = Debug|Any CPU
		{F42F95C2-9DBD-4F0C-B931-9074CDD21489}.Release|Any CPU.ActiveCfg = Release|Any CPU
		{F42F95C2-9DBD-4F0C-B931-9074CDD21489}.Release|Any CPU.Build.0 = Release|Any CPU
		{65C01E9C-4AF0-42A5-B019-407380A02746}.Debug|Any CPU.ActiveCfg = Debug|Any CPU
		{65C01E9C-4AF0-42A5-B019-407380A02746}.Debug|Any CPU.Build.0 = Debug|Any CPU
		{65C01E9C-4AF0-42A5-B019-407380A02746}.Release|Any CPU.ActiveCfg = Release|Any CPU
		{65C01E9C-4AF0-42A5-B019-407380A02746}.Release|Any CPU.Build.0 = Release|Any CPU
		{E1AABEA0-F28A-4495-B690-E4CB772FA5D0}.Debug|Any CPU.ActiveCfg = Debug|Any CPU
		{E1AABEA0-F28A-4495-B690-E4CB772FA5D0}.Debug|Any CPU.Build.0 = Debug|Any CPU
		{E1AABEA0-F28A-4495-B690-E4CB772FA5D0}.Release|Any CPU.ActiveCfg = Release|Any CPU
		{E1AABEA0-F28A-4495-B690-E4CB772FA5D0}.Release|Any CPU.Build.0 = Release|Any CPU
		{FE3C77CA-E955-4DA0-80E4-D0D2A92BC753}.Debug|Any CPU.ActiveCfg = Debug|Any CPU
		{FE3C77CA-E955-4DA0-80E4-D0D2A92BC753}.Debug|Any CPU.Build.0 = Debug|Any CPU
		{FE3C77CA-E955-4DA0-80E4-D0D2A92BC753}.Release|Any CPU.ActiveCfg = Release|Any CPU
		{FE3C77CA-E955-4DA0-80E4-D0D2A92BC753}.Release|Any CPU.Build.0 = Release|Any CPU
		{7D344924-0779-46CB-A3FD-3EBB9D9F8F1D}.Debug|Any CPU.ActiveCfg = Debug|Any CPU
		{7D344924-0779-46CB-A3FD-3EBB9D9F8F1D}.Debug|Any CPU.Build.0 = Debug|Any CPU
		{7D344924-0779-46CB-A3FD-3EBB9D9F8F1D}.Release|Any CPU.ActiveCfg = Release|Any CPU
		{7D344924-0779-46CB-A3FD-3EBB9D9F8F1D}.Release|Any CPU.Build.0 = Release|Any CPU
		{5B4DD46A-25E6-41B9-87C8-16F279459C26}.Debug|Any CPU.ActiveCfg = Debug|Any CPU
		{5B4DD46A-25E6-41B9-87C8-16F279459C26}.Debug|Any CPU.Build.0 = Debug|Any CPU
		{5B4DD46A-25E6-41B9-87C8-16F279459C26}.Release|Any CPU.ActiveCfg = Release|Any CPU
		{5B4DD46A-25E6-41B9-87C8-16F279459C26}.Release|Any CPU.Build.0 = Release|Any CPU
	EndGlobalSection
EndGlobal
